// !$*UTF8*$!
{
    archiveVersion = 1;
    classes = {
    };
    objectVersion = 77;
    objects = {

/* Begin PBXFileReference section */
        86D9959E2FCF7BED00E660A1 /* NewsFeedTestApp.app */ = {isa = PBXFileReference; explicitFileType = wrapper.application; includeInIndex = 0; path = NewsFeedTestApp.app; sourceTree = BUILT_PRODUCTS_DIR; };
/* End PBXFileReference section */

/* Begin PBXFileSystemSynchronizedBuildFileExceptionSet section */
        86D995B02FCF7BED00E660A1 /* Exceptions for "NewsFeedTestApp" folder in "NewsFeedTestApp" target */ = {
            isa = PBXFileSystemSynchronizedBuildFileExceptionSet;
            membershipExceptions = (
                Info.plist,
            );
            target = 86D9959D2FCF7BED00E660A1 /* NewsFeedTestApp */;
        };
/* End PBXFileSystemSynchronizedBuildFileExceptionSet section */

/* Begin PBXFileSystemSynchronizedRootGroup section */
        86D995A02FCF7BED00E660A1 /* NewsFeedTestApp */ = {
            isa = PBXFileSystemSynchronizedRootGroup;
            exceptions = (
                86D995B02FCF7BED00E660A1 /* Exceptions for "NewsFeedTestApp" folder in "NewsFeedTestApp" target */,
            );
            path = NewsFeedTestApp;
            sourceTree = "<group>";
        };
/* End PBXFileSystemSynchronizedRootGroup section */

/* Begin PBXFrameworksBuildPhase section */
        86D9959B2FCF7BED00E660A1 /* Frameworks */ = {
            isa = PBXFrameworksBuildPhase;
            buildActionMask = 2147483647;
            files = (
            );
            runOnlyForDeploymentPostprocessing = 0;
        };
/* End PBXFrameworksBuildPhase section */

/* Begin PBXGroup section */
        86D995952FCF7BED00E660A1 = {
            isa = PBXGroup;
            children = (
                86D995A02FCF7BED00E660A1 /* NewsFeedTestApp */,
                86D9959F2FCF7BED00E660A1 /* Products */,
            );
            sourceTree = "<group>";
        };
        86D9959F2FCF7BED00E660A1 /* Products */ = {
            isa = PBXGroup;
            children = (
                86D9959E2FCF7BED00E660A1 /* NewsFeedTestApp.app */,
            );
            name = Products;
            sourceTree = "<group>";
        };
/* End PBXGroup section */

/* Begin PBXNativeTarget section */
        86D9959D2FCF7BED00E660A1 /* NewsFeedTestApp */ = {
            isa = PBXNativeTarget;
            buildConfigurationList = 86D995B12FCF7BED00E660A1 /* Build configuration list for PBXNativeTarget "NewsFeedTestApp" */;
            buildPhases = (
                86D9959A2FCF7BED00E660A1 /* Sources */,
                86D9968D2FCF8B0F00E660A1 /* Run SwiftLint */,
                86D9959B2FCF7BED00E660A1 /* Frameworks */,
                86D9959C2FCF7BED00E660A1 /* Resources */,
            );
            buildRules = (
            );
            dependencies = (
            );
            fileSystemSynchronizedGroups = (
                86D995A02FCF7BED00E660A1 /* NewsFeedTestApp */,
            );
            name = NewsFeedTestApp;
            packageProductDependencies = (
            );
            productName = NewsFeedTestApp;
            productReference = 86D9959E2FCF7BED00E660A1 /* NewsFeedTestApp.app */;
            productType = "com.apple.product-type.application";
        };
/* End PBXNativeTarget section */

/* Begin PBXProject section */
        86D995962FCF7BED00E660A1 /* Project object */ = {
            isa = PBXProject;
            attributes = {
                BuildIndependentTargetsInParallel = 1;
                LastSwiftUpdateCheck = 1640;
                LastUpgradeCheck = 1640;
                TargetAttributes = {
                    86D9959D2FCF7BED00E660A1 = {
                        CreatedOnToolsVersion = 16.4;
                    };
                };
            };
            buildConfigurationList = 86D995992FCF7BED00E660A1 /* Build configuration list for PBXProject "NewsFeedTestApp" */;
            developmentRegion = en;
            hasScannedForEncodings = 0;
            knownRegions = (
                en,
                Base,
            );
            mainGroup = 86D995952FCF7BED00E660A1;
            minimizedProjectReferenceProxies = 1;
            preferredProjectObjectVersion = 77;
            productRefGroup = 86D9959F2FCF7BED00E660A1 /* Products */;
            projectDirPath = "";
            projectRoot = "";
            targets = (
                86D9959D2FCF7BED00E660A1 /* NewsFeedTestApp */,
            );
        };
/* End PBXProject section */

/* Begin PBXResourcesBuildPhase section */
        86D9959C2FCF7BED00E660A1 /* Resources */ = {
            isa = PBXResourcesBuildPhase;
            buildActionMask = 2147483647;
            files = (
            );
            runOnlyForDeploymentPostprocessing = 0;
        };
/* End PBXResourcesBuildPhase section */

/* Begin PBXShellScriptBuildPhase section */
        86D9968D2FCF8B0F00E660A1 /* Run SwiftLint */ = {
            isa = PBXShellScriptBuildPhase;
            alwaysOutOfDate = 1;
            buildActionMask = 2147483647;
            files = (
            );
            inputFileListPaths = (
            );
            inputPaths = (
            );
            name = "Run SwiftLint";
            outputFileListPaths = (
            );
            outputPaths = (
            );
            runOnlyForDeploymentPostprocessing = 0;
            shellPath = /bin/sh;
            shellScript = "export PATH=\"/opt/homebrew/bin:$PATH\"\n\nif command -v swiftlint >/dev/null 2>&1; then\n    swiftlint lint --config \"${PROJECT_DIR}/swiftlint.yml\"\nelse\n    echo \"warning: SwiftLint not installed, download from https://github.com/realm/SwiftLint\"\nfi\n";
        };
/* End PBXShellScriptBuildPhase section */

/* Begin PBXSourcesBuildPhase section */
        86D9959A2FCF7BED00E660A1 /* Sources */ = {
            isa = PBXSourcesBuildPhase;
            buildActionMask = 2147483647;
            files = (
            );
            runOnlyForDeploymentPostprocessing = 0;
        };
/* End PBXSourcesBuildPhase section */

/* Begin XCBuildConfiguration section */
        86D995B22FCF7BED00E660A1 /* Debug */ = {
            isa = XCBuildConfiguration;
            buildSettings = {
                ASSETCATALOG_COMPILER_APPICON_NAME = AppIcon;
                ASSETCATALOG_COMPILER_GLOBAL_ACCENT_COLOR_NAME = AccentColor;
                CODE_SIGN_STYLE = Automatic;
                CURRENT_PROJECT_VERSION = 1;
                DEVELOPMENT_TEAM = PYCAA238P6;
                GENERATE_INFOPLIST_FILE = YES;
                INFOPLIST_FILE = NewsFeedTestApp/Info.plist;
                INFOPLIST_KEY_CFBundleDisplayName = NewsFeedTestApp;
                INFOPLIST_KEY_LSApplicationCategoryType = "public.app-category.news";
                INFOPLIST_KEY_UIApplicationSupportsIndirectInputEvents = YES;
                INFOPLIST_KEY_UILaunchStoryboardName = LaunchScreen;
                INFOPLIST_KEY_UIMainStoryboardFile = "";
                INFOPLIST_KEY_UISupportedInterfaceOrientations_iPad = "UIInterfaceOrientationPortrait UIInterfaceOrientationPortraitUpsideDown UIInterfaceOrientationLandscapeLeft UIInterfaceOrientationLandscapeRight";
                INFOPLIST_KEY_UISupportedInterfaceOrientations_iPhone = "UIInterfaceOrientationPortrait UIInterfaceOrientationLandscapeLeft UIInterfaceOrientationLandscapeRight";
                IPHONEOS_DEPLOYMENT_TARGET = 16.6;
                LD_RUNPATH_SEARCH_PATHS = (
                    "$(inherited)",
                    "@executable_path/Frameworks",
                );
                MARKETING_VERSION = 1.0;
                PRODUCT_BUNDLE_IDENTIFIER = com.Test.NewsFeedTestApp;
                PRODUCT_NAME = "$(TARGET_NAME)";
                SUPPORTED_PLATFORMS = "iphoneos iphonesimulator";
                SUPPORTS_MACCATALYST = NO;
                SUPPORTS_MAC_DESIGNED_FOR_IPHONE_IPAD = NO;
                SUPPORTS_XR_DESIGNED_FOR_IPHONE_IPAD = NO;
                SWIFT_EMIT_LOC_STRINGS = YES;
                SWIFT_VERSION = 5.0;
                TARGETED_DEVICE_FAMILY = "1,2";
            };
            name = Debug;
        };
        86D995B32FCF7BED00E660A1 /* Release */ = {
            isa = XCBuildConfiguration;
            buildSettings = {
                ASSETCATALOG_COMPILER_APPICON_NAME = AppIcon;
                ASSETCATALOG_COMPILER_GLOBAL_ACCENT_COLOR_NAME = AccentColor;
                CODE_SIGN_STYLE = Automatic;
                CURRENT_PROJECT_VERSION = 1;
                DEVELOPMENT_TEAM = PYCAA238P6;
                GENERATE_INFOPLIST_FILE = YES;
                INFOPLIST_FILE = NewsFeedTestApp/Info.plist;
                INFOPLIST_KEY_CFBundleDisplayName = NewsFeedTestApp;
                INFOPLIST_KEY_LSApplicationCategoryType = "public.app-category.news";
                INFOPLIST_KEY_UIApplicationSupportsIndirectInputEvents = YES;
                INFOPLIST_KEY_UILaunchStoryboardName = LaunchScreen;
                INFOPLIST_KEY_UIMainStoryboardFile = "";
                INFOPLIST_KEY_UISupportedInterfaceOrientations_iPad = "UIInterfaceOrientationPortrait UIInterfaceOrientationPortraitUpsideDown UIInterfaceOrientationLandscapeLeft UIInterfaceOrientationLandscapeRight";
                INFOPLIST_KEY_UISupportedInterfaceOrientations_iPhone = "UIInterfaceOrientationPortrait UIInterfaceOrientationLandscapeLeft UIInterfaceOrientationLandscapeRight";
                IPHONEOS_DEPLOYMENT_TARGET = 16.6;
                LD_RUNPATH_SEARCH_PATHS = (
                    "$(inherited)",
                    "@executable_path/Frameworks",
                );
                MARKETING_VERSION = 1.0;
                PRODUCT_BUNDLE_IDENTIFIER = com.Test.NewsFeedTestApp;
                PRODUCT_NAME = "$(TARGET_NAME)";
                SUPPORTED_PLATFORMS = "iphoneos iphonesimulator";
                SUPPORTS_MACCATALYST = NO;
                SUPPORTS_MAC_DESIGNED_FOR_IPHONE_IPAD = NO;
                SUPPORTS_XR_DESIGNED_FOR_IPHONE_IPAD = NO;
                SWIFT_EMIT_LOC_STRINGS = YES;
                SWIFT_VERSION = 5.0;
                TARGETED_DEVICE_FAMILY = "1,2";
            };
            name = Release;
        };
        86D995B42FCF7BED00E660A1 /* Debug */ = {
            isa = XCBuildConfiguration;
            buildSettings = {
                ALWAYS_SEARCH_USER_PATHS = NO;
                ASSETCATALOG_COMPILER_GENERATE_SWIFT_ASSET_SYMBOL_EXTENSIONS = YES;
                CLANG_ANALYZER_NONNULL = YES;
                CLANG_ANALYZER_NUMBER_OBJECT_CONVERSION = YES_AGGRESSIVE;
                CLANG_CXX_LANGUAGE_STANDARD = "gnu++20";
                CLANG_ENABLE_MODULES = YES;
                CLANG_ENABLE_OBJC_ARC = YES;
                CLANG_ENABLE_OBJC_WEAK = YES;
                CLANG_WARN_BLOCK_CAPTURE_AUTORELEASING = YES;
                CLANG_WARN_BOOL_CONVERSION = YES;
                CLANG_WARN_COMMA = YES;
                CLANG_WARN_CONSTANT_CONVERSION = YES;
                CLANG_WARN_DEPRECATED_OBJC_IMPLEMENTATIONS = YES;
                CLANG_WARN_DIRECT_OBJC_ISA_USAGE = YES_ERROR;
                CLANG_WARN_DOCUMENTATION_COMMENTS = YES;
                CLANG_WARN_EMPTY_BODY = YES;
                CLANG_WARN_ENUM_CONVERSION = YES;
                CLANG_WARN_INFINITE_RECURSION = YES;
                CLANG_WARN_INT_CONVERSION = YES;
                CLANG_WARN_NON_LITERAL_NULL_CONVERSION = YES;
                CLANG_WARN_OBJC_IMPLICIT_RETAIN_SELF = YES;
                CLANG_WARN_OBJC_LITERAL_CONVERSION = YES;
                CLANG_WARN_OBJC_ROOT_CLASS = YES_ERROR;
                CLANG_WARN_QUOTED_INCLUDE_IN_FRAMEWORK_HEADER = YES;
                CLANG_WARN_RANGE_LOOP_ANALYSIS = YES;
                CLANG_WARN_STRICT_PROTOTYPES = YES;
                CLANG_WARN_SUSPICIOUS_MOVE = YES;
                CLANG_WARN_UNGUARDED_AVAILABILITY = YES_AGGRESSIVE;
                CLANG_WARN_UNREACHABLE_CODE = YES;
                CLANG_WARN__DUPLICATE_METHOD_MATCH = YES;
                COPY_PHASE_STRIP = NO;
                DEBUG_INFORMATION_FORMAT = dwarf;
                DEVELOPMENT_TEAM = PYCAA238P6;
                ENABLE_STRICT_OBJC_MSGSEND = YES;
                ENABLE_TESTABILITY = YES;
                ENABLE_USER_SCRIPT_SANDBOXING = NO;
                GCC_C_LANGUAGE_STANDARD = gnu17;
                GCC_DYNAMIC_NO_PIC = NO;
                GCC_NO_COMMON_BLOCKS = YES;
                GCC_OPTIMIZATION_LEVEL = 0;
                GCC_PREPROCESSOR_DEFINITIONS = (
                    "DEBUG=1",
                    "$(inherited)",
                );
                GCC_WARN_64_TO_32_BIT_CONVERSION = YES;
                GCC_WARN_ABOUT_RETURN_TYPE = YES_ERROR;
                GCC_WARN_UNDECLARED_SELECTOR = YES;
                GCC_WARN_UNINITIALIZED_AUTOS = YES_AGGRESSIVE;
                GCC_WARN_UNUSED_FUNCTION = YES;
                GCC_WARN_UNUSED_VARIABLE = YES;
                IPHONEOS_DEPLOYMENT_TARGET = 18.5;
                LOCALIZATION_PREFERS_STRING_CATALOGS = YES;
                MTL_ENABLE_DEBUG_INFO = INCLUDE_SOURCE;
                MTL_FAST_MATH = YES;
                ONLY_ACTIVE_ARCH = YES;
                SDKROOT = iphoneos;
                SWIFT_ACTIVE_COMPILATION_CONDITIONS = "DEBUG $(inherited)";
                SWIFT_OPTIMIZATION_LEVEL = "-Onone";
            };
            name = Debug;
        };
        86D995B52FCF7BED00E660A1 /* Release */ = {
            isa = XCBuildConfiguration;
            buildSettings = {
                ALWAYS_SEARCH_USER_PATHS = NO;
                ASSETCATALOG_COMPILER_GENERATE_SWIFT_ASSET_SYMBOL_EXTENSIONS = YES;
                CLANG_ANALYZER_NONNULL = YES;
                CLANG_ANALYZER_NUMBER_OBJECT_CONVERSION = YES_AGGRESSIVE;
                CLANG_CXX_LANGUAGE_STANDARD = "gnu++20";
                CLANG_ENABLE_MODULES = YES;
                CLANG_ENABLE_OBJC_ARC = YES;
                CLANG_ENABLE_OBJC_WEAK = YES;
                CLANG_WARN_BLOCK_CAPTURE_AUTORELEASING = YES;
                CLANG_WARN_BOOL_CONVERSION = YES;
                CLANG_WARN_COMMA = YES;
                CLANG_WARN_CONSTANT_CONVERSION = YES;
                CLANG_WARN_DEPRECATED_OBJC_IMPLEMENTATIONS = YES;
                CLANG_WARN_DIRECT_OBJC_ISA_USAGE = YES_ERROR;
                CLANG_WARN_DOCUMENTATION_COMMENTS = YES;
                CLANG_WARN_EMPTY_BODY = YES;
                CLANG_WARN_ENUM_CONVERSION = YES;
                CLANG_WARN_INFINITE_RECURSION = YES;
                CLANG_WARN_INT_CONVERSION = YES;
                CLANG_WARN_NON_LITERAL_NULL_CONVERSION = YES;
                CLANG_WARN_OBJC_IMPLICIT_RETAIN_SELF = YES;
                CLANG_WARN_OBJC_LITERAL_CONVERSION = YES;
                CLANG_WARN_OBJC_ROOT_CLASS = YES_ERROR;
                CLANG_WARN_QUOTED_INCLUDE_IN_FRAMEWORK_HEADER = YES;
                CLANG_WARN_RANGE_LOOP_ANALYSIS = YES;
                CLANG_WARN_STRICT_PROTOTYPES = YES;
                CLANG_WARN_SUSPICIOUS_MOVE = YES;
                CLANG_WARN_UNGUARDED_AVAILABILITY = YES_AGGRESSIVE;
                CLANG_WARN_UNREACHABLE_CODE = YES;
                CLANG_WARN__DUPLICATE_METHOD_MATCH = YES;
                COPY_PHASE_STRIP = NO;
                DEBUG_INFORMATION_FORMAT = "dwarf-with-dsym";
                DEVELOPMENT_TEAM = PYCAA238P6;
                ENABLE_NS_ASSERTIONS = NO;
                ENABLE_STRICT_OBJC_MSGSEND = YES;
                ENABLE_USER_SCRIPT_SANDBOXING = NO;
                GCC_C_LANGUAGE_STANDARD = gnu17;
                GCC_NO_COMMON_BLOCKS = YES;
                GCC_WARN_64_TO_32_BIT_CONVERSION = YES;
                GCC_WARN_ABOUT_RETURN_TYPE = YES_ERROR;
                GCC_WARN_UNDECLARED_SELECTOR = YES;
                GCC_WARN_UNINITIALIZED_AUTOS = YES_AGGRESSIVE;
                GCC_WARN_UNUSED_FUNCTION = YES;
                GCC_WARN_UNUSED_VARIABLE = YES;
                IPHONEOS_DEPLOYMENT_TARGET = 18.5;
                LOCALIZATION_PREFERS_STRING_CATALOGS = YES;
                MTL_ENABLE_DEBUG_INFO = NO;
                MTL_FAST_MATH = YES;
                SDKROOT = iphoneos;
                SWIFT_COMPILATION_MODE = wholemodule;
                VALIDATE_PRODUCT = YES;
            };
            name = Release;
        };
/* End XCBuildConfiguration section */

/* Begin XCConfigurationList section */
        86D995992FCF7BED00E660A1 /* Build configuration list for PBXProject "NewsFeedTestApp" */ = {
            isa = XCConfigurationList;
            buildConfigurations = (
                86D995B42FCF7BED00E660A1 /* Debug */,
                86D995B52FCF7BED00E660A1 /* Release */,
            );
            defaultConfigurationIsVisible = 0;
            defaultConfigurationName = Release;
        };
        86D995B12FCF7BED00E660A1 /* Build configuration list for PBXNativeTarget "NewsFeedTestApp" */ = {
            isa = XCConfigurationList;
            buildConfigurations = (
                86D995B22FCF7BED00E660A1 /* Debug */,
                86D995B32FCF7BED00E660A1 /* Release */,
            );
            defaultConfigurationIsVisible = 0;
            defaultConfigurationName = Release;
        };
/* End XCConfigurationList section */
    };
    rootObject = 86D995962FCF7BED00E660A1 /* Project object */;
}
